<?xml version="1.0" encoding="utf-8"?>
<Project ToolsVersion="4.0" xmlns="http://schemas.microsoft.com/developer/msbuild/2003">
  <ItemGroup>
    <Filter Include="Assets">
      <UniqueIdentifier>9aa965e4-a7b0-4cd5-a658-79350e438a65</UniqueIdentifier>
      <Extensions>ico;cur;bmp;dds;dlg;fbx;rct;bin;rgs;gif;jpg;jpeg;jpe;resx;tga;tiff;tif;png;wav;mfcribbon-ms</Extensions>
    </Filter>
    <Filter Include="Sources">
      <UniqueIdentifier>{a4a02475-98b7-4ef8-9cd6-668a304fce47}</UniqueIdentifier>
    </Filter>
  </ItemGroup>
  <ItemGroup>
    <ClInclude Include="Sources\Camera.h">
      <Filter>Sources</Filter>
    </ClInclude>
    <ClInclude Include="Sources\Dots.h">
      <Filter>Sources</Filter>
    </ClInclude>
    <ClInclude Include="Sources\Game.h">
      <Filter>Sources</Filter>
    </ClInclude>
    <ClInclude Include="Sources\Global.h">
      <Filter>Sources</Filter>
    </ClInclude>
    <ClInclude Include="Sources\pch.h">
      <Filter>Sources</Filter>
    </ClInclude>
    <ClInclude Include="Sources\StepTimer.h">
      <Filter>Sources</Filter>
    </ClInclude>
    <ClInclude Include="Sources\World.h">
      <Filter>Sources</Filter>
    </ClInclude>
    <ClInclude Include="Sources\Character.h">
      <Filter>Sources</Filter>
    </ClInclude>
  </ItemGroup>
  <ItemGroup>
    <ClCompile Include="Sources\Camera.cpp">
      <Filter>Sources</Filter>
    </ClCompile>
    <ClCompile Include="Sources\Dots.cpp">
      <Filter>Sources</Filter>
    </ClCompile>
    <ClCompile Include="Sources\Game.cpp">
      <Filter>Sources</Filter>
    </ClCompile>
    <ClCompile Include="Sources\Main.cpp">
      <Filter>Sources</Filter>
    </ClCompile>
    <ClCompile Include="Sources\pch.cpp">
      <Filter>Sources</Filter>
    </ClCompile>
    <ClCompile Include="Sources\World.cpp">
      <Filter>Sources</Filter>
    </ClCompile>
    <ClCompile Include="Sources\Character.cpp">
      <Filter>Sources</Filter>
    </ClCompile>
  </ItemGroup>
  <ItemGroup>
    <Image Include="Resources\directx.ico">
      <Filter>Assets</Filter>
    </Image>
    <Image Include="Resources\dot.png">
      <Filter>Assets</Filter>
    </Image>
    <Image Include="Resources\pacman.png">
      <Filter>Assets</Filter>
    </Image>
    <Image Include="Resources\ghosts.png">
      <Filter>Assets</Filter>
    </Image>
  </ItemGroup>
  <ItemGroup>
    <ResourceCompile Include="Resources\resource.rc">
      <Filter>Assets</Filter>
    </ResourceCompile>
  </ItemGroup>
  <ItemGroup>
    <Manifest Include="Resources\settings.manifest">
      <Filter>Assets</Filter>
    </Manifest>
  </ItemGroup>
  <ItemGroup>
    <None Include="packages.config" />
  </ItemGroup>
</Project>